{"version":4,"terraform_version":"1.9.1","serial":29,"lineage":"f4d583ee-3c12-c7b8-bcdd-40e15ba7d933","outputs":{"control_plane_servers":{"value":[{"id":"113805031","location":"nbg1","name":"talos-cp1","private_ip":"10.0.1.10","public_ip":"128.140.37.42"},{"id":"113805032","location":"nbg1","name":"talos-cp2","private_ip":"10.0.1.11","public_ip":"188.34.195.69"},{"id":"113899706","location":"nbg1","name":"talos-cp3","private_ip":"10.0.1.12","public_ip":"195.201.148.121"}],"type":["tuple",[["object",{"id":"string","location":"string","name":"string","private_ip":"string","public_ip":"string"}],["object",{"id":"string","location":"string","name":"string","private_ip":"string","public_ip":"string"}],["object",{"id":"string","location":"string","name":"string","private_ip":"string","public_ip":"string"}]]]},"kubernetes_api_endpoint":{"value":"91.98.1.136:6443","type":"string"},"load_balancer":{"value":{"id":"5267512","name":"talos-lb","public_ip":"91.98.1.136","targets":[{"server_id":0,"type":"label_selector","use_private_ip":false}]},"type":["object",{"id":"string","name":"string","public_ip":"string","targets":["set",["object",{"server_id":"number","type":"string","use_private_ip":"bool"}]]}]},"network":{"value":{"id":"11671405","ip_range":"10.0.0.0/16","name":"talos-network"},"type":["object",{"id":"string","ip_range":"string","name":"string"}]},"talos_api_endpoint":{"value":"91.98.1.136:50000","type":"string"}},"resources":[{"mode":"data","type":"hcloud_image","name":"talos","provider":"provider[\"registry.opentofu.org/hetznercloud/hcloud\"]","instances":[{"schema_version":0,"attributes":{"architecture":"x86","created":"2025-11-21T12:28:06Z","deprecated":null,"description":"snapshot 2025-11-21T12:28:06Z","id":334760723,"include_deprecated":false,"labels":{"apricote.de/created-by":"hcloud-upload-image"},"most_recent":null,"name":"","os_flavor":"ubuntu","os_version":"24.04","rapid_deploy":false,"selector":null,"type":"snapshot","with_architecture":"x86","with_selector":null,"with_status":null},"sensitive_attributes":[]}]},{"mode":"data","type":"sops_file","name":"secrets","provider":"provider[\"registry.opentofu.org/carlpett/sops\"]","instances":[{"schema_version":0,"attributes":{"data":{"hcloud_token":"C7QsCp1QeV7BXYumKAdqJHXwfrrCwoBu5LSIVdHMa8Hl7awquQm3PrL4ztkIIdFO"},"id":"-","input_type":null,"raw":"hcloud_token: C7QsCp1QeV7BXYumKAdqJHXwfrrCwoBu5LSIVdHMa8Hl7awquQm3PrL4ztkIIdFO\n","source_file":"secrets.sops.yaml"},"sensitive_attributes":[]}]},{"mode":"managed","type":"hcloud_load_balancer","name":"talos","provider":"provider[\"registry.opentofu.org/hetznercloud/hcloud\"]","instances":[{"schema_version":0,"attributes":{"algorithm":[{"type":"round_robin"}],"delete_protection":false,"id":"5267512","ipv4":"91.98.1.136","ipv6":"2a01:4f8:1c1f:6001::1","labels":{"cluster":"talos","talos":"true"},"load_balancer_type":"lb11","location":"nbg1","name":"talos-lb","network_id":11671405,"network_ip":"10.0.1.100","network_zone":"eu-central","target":[{"server_id":0,"type":"label_selector","use_private_ip":false}]},"sensitive_attributes":[],"private":"bnVsbA==","dependencies":["data.sops_file.secrets"]}]},{"mode":"managed","type":"hcloud_load_balancer_network","name":"talos","provider":"provider[\"registry.opentofu.org/hetznercloud/hcloud\"]","instances":[{"schema_version":0,"attributes":{"enable_public_interface":true,"id":"5267512-11671405","ip":"10.0.1.100","load_balancer_id":5267512,"network_id":11671405,"subnet_id":null},"sensitive_attributes":[],"dependencies":["data.sops_file.secrets","hcloud_load_balancer.talos","hcloud_network.talos"]}]},{"mode":"managed","type":"hcloud_load_balancer_service","name":"kubernetes_api","provider":"provider[\"registry.opentofu.org/hetznercloud/hcloud\"]","instances":[{"schema_version":0,"attributes":{"destination_port":6443,"health_check":[{"http":[],"interval":10,"port":6443,"protocol":"tcp","retries":3,"timeout":5}],"http":[],"id":"5267512__6443","listen_port":6443,"load_balancer_id":"5267512","protocol":"tcp","proxyprotocol":false},"sensitive_attributes":[],"private":"bnVsbA==","dependencies":["data.sops_file.secrets","hcloud_load_balancer.talos"]}]},{"mode":"managed","type":"hcloud_load_balancer_service","name":"talos_api","provider":"provider[\"registry.opentofu.org/hetznercloud/hcloud\"]","instances":[{"schema_version":0,"attributes":{"destination_port":50000,"health_check":[{"http":[],"interval":10,"port":50000,"protocol":"tcp","retries":3,"timeout":5}],"http":[],"id":"5267512__50000","listen_port":50000,"load_balancer_id":"5267512","protocol":"tcp","proxyprotocol":false},"sensitive_attributes":[],"private":"bnVsbA==","dependencies":["data.sops_file.secrets","hcloud_load_balancer.talos"]}]},{"mode":"managed","type":"hcloud_load_balancer_service","name":"traefik_http","provider":"provider[\"registry.opentofu.org/hetznercloud/hcloud\"]","instances":[{"schema_version":0,"attributes":{"destination_port":30000,"health_check":[{"http":[],"interval":10,"port":30000,"protocol":"tcp","retries":3,"timeout":5}],"http":[],"id":"5267512__80","listen_port":80,"load_balancer_id":"5267512","protocol":"tcp","proxyprotocol":false},"sensitive_attributes":[],"private":"bnVsbA==","dependencies":["data.sops_file.secrets","hcloud_load_balancer.talos"]}]},{"mode":"managed","type":"hcloud_load_balancer_service","name":"traefik_https","provider":"provider[\"registry.opentofu.org/hetznercloud/hcloud\"]","instances":[{"schema_version":0,"attributes":{"destination_port":30001,"health_check":[{"http":[],"interval":10,"port":30001,"protocol":"tcp","retries":3,"timeout":5}],"http":[],"id":"5267512__443","listen_port":443,"load_balancer_id":"5267512","protocol":"tcp","proxyprotocol":false},"sensitive_attributes":[],"private":"bnVsbA==","dependencies":["data.sops_file.secrets","hcloud_load_balancer.talos"]}]},{"mode":"managed","type":"hcloud_load_balancer_target","name":"control_plane","provider":"provider[\"registry.opentofu.org/hetznercloud/hcloud\"]","instances":[{"schema_version":0,"attributes":{"id":"lb-label-selector-tgt-a501315ebc3a76ce4999b752f4fcede8812dc0747bf481e6daed4e7e7189791c-5267512","ip":null,"label_selector":"cluster=talos,role=control-plane","load_balancer_id":5267512,"server_id":null,"type":"label_selector","use_private_ip":true},"sensitive_attributes":[],"private":"bnVsbA==","dependencies":["data.sops_file.secrets","hcloud_load_balancer.talos","hcloud_load_balancer_network.talos","hcloud_network.talos"]}]},{"mode":"managed","type":"hcloud_network","name":"talos","provider":"provider[\"registry.opentofu.org/hetznercloud/hcloud\"]","instances":[{"schema_version":0,"attributes":{"delete_protection":false,"expose_routes_to_vswitch":false,"id":"11671405","ip_range":"10.0.0.0/16","labels":{},"name":"talos-network"},"sensitive_attributes":[],"private":"bnVsbA==","dependencies":["data.sops_file.secrets"]}]},{"mode":"managed","type":"hcloud_network_subnet","name":"talos","provider":"provider[\"registry.opentofu.org/hetznercloud/hcloud\"]","instances":[{"schema_version":0,"attributes":{"gateway":"10.0.0.1","id":"11671405-10.0.1.0/24","ip_range":"10.0.1.0/24","network_id":11671405,"network_zone":"eu-central","type":"cloud","vswitch_id":null},"sensitive_attributes":[],"private":"bnVsbA==","dependencies":["data.sops_file.secrets","hcloud_network.talos"]}]},{"mode":"managed","type":"hcloud_server","name":"control_plane","provider":"provider[\"registry.opentofu.org/hetznercloud/hcloud\"]","instances":[{"index_key":0,"schema_version":0,"attributes":{"allow_deprecated_images":false,"backup_window":"","backups":false,"datacenter":"nbg1-dc3","delete_protection":false,"firewall_ids":[],"id":"113805031","ignore_remote_firewall_ids":false,"image":"334760723","ipv4_address":"128.140.37.42","ipv6_address":"2a01:4f8:1c1e:e59d::1","ipv6_network":"2a01:4f8:1c1e:e59d::/64","iso":null,"keep_disk":false,"labels":{"cluster":"talos","role":"control-plane","talos":"true"},"location":"nbg1","name":"talos-cp1","network":[{"alias_ips":[],"ip":"10.0.1.10","mac_address":"86:00:00:90:af:ce","network_id":11671405}],"placement_group_id":0,"primary_disk_size":40,"public_net":[{"ipv4":0,"ipv4_enabled":true,"ipv6":0,"ipv6_enabled":true}],"rebuild_protection":false,"rescue":null,"server_type":"cx33","shutdown_before_deletion":false,"ssh_keys":null,"status":"running","timeouts":null,"user_data":null},"sensitive_attributes":[],"private":"eyJlMmJmYjczMC1lY2FhLTExZTYtOGY4OC0zNDM2M2JjN2M0YzAiOnsiY3JlYXRlIjo1NDAwMDAwMDAwMDAwfX0=","dependencies":["data.hcloud_image.talos","data.sops_file.secrets","hcloud_network.talos","hcloud_network_subnet.talos"]},{"index_key":1,"schema_version":0,"attributes":{"allow_deprecated_images":false,"backup_window":"","backups":false,"datacenter":"nbg1-dc3","delete_protection":false,"firewall_ids":[],"id":"113805032","ignore_remote_firewall_ids":false,"image":"334760723","ipv4_address":"188.34.195.69","ipv6_address":"2a01:4f8:1c1a:2552::1","ipv6_network":"2a01:4f8:1c1a:2552::/64","iso":null,"keep_disk":false,"labels":{"cluster":"talos","role":"control-plane","talos":"true"},"location":"nbg1","name":"talos-cp2","network":[{"alias_ips":[],"ip":"10.0.1.11","mac_address":"86:00:00:90:af:cd","network_id":11671405}],"placement_group_id":0,"primary_disk_size":40,"public_net":[{"ipv4":0,"ipv4_enabled":true,"ipv6":0,"ipv6_enabled":true}],"rebuild_protection":false,"rescue":null,"server_type":"cx33","shutdown_before_deletion":false,"ssh_keys":null,"status":"running","timeouts":null,"user_data":null},"sensitive_attributes":[],"private":"eyJlMmJmYjczMC1lY2FhLTExZTYtOGY4OC0zNDM2M2JjN2M0YzAiOnsiY3JlYXRlIjo1NDAwMDAwMDAwMDAwfX0=","dependencies":["data.hcloud_image.talos","data.sops_file.secrets","hcloud_network.talos","hcloud_network_subnet.talos"]},{"index_key":2,"schema_version":0,"attributes":{"allow_deprecated_images":false,"backup_window":"","backups":false,"datacenter":"nbg1-dc3","delete_protection":false,"firewall_ids":[],"id":"113899706","ignore_remote_firewall_ids":false,"image":"334760723","ipv4_address":"195.201.148.121","ipv6_address":"2a01:4f8:1c1c:7323::1","ipv6_network":"2a01:4f8:1c1c:7323::/64","iso":null,"keep_disk":false,"labels":{"cluster":"talos","role":"control-plane","talos":"true"},"location":"nbg1","name":"talos-cp3","network":[{"alias_ips":[],"ip":"10.0.1.12","mac_address":"86:00:00:90:5b:15","network_id":11671405}],"placement_group_id":0,"primary_disk_size":40,"public_net":[{"ipv4":0,"ipv4_enabled":true,"ipv6":0,"ipv6_enabled":true}],"rebuild_protection":false,"rescue":null,"server_type":"cx33","shutdown_before_deletion":false,"ssh_keys":null,"status":"running","timeouts":null,"user_data":null},"sensitive_attributes":[],"private":"eyJlMmJmYjczMC1lY2FhLTExZTYtOGY4OC0zNDM2M2JjN2M0YzAiOnsiY3JlYXRlIjo1NDAwMDAwMDAwMDAwfX0=","dependencies":["data.hcloud_image.talos","data.sops_file.secrets","hcloud_network.talos","hcloud_network_subnet.talos"]}]}],"check_results":null}
